<?xml version="1.0" encoding="utf-8"?>
<Project ToolsVersion="4.0" xmlns="http://schemas.microsoft.com/developer/msbuild/2003">
  <ItemGroup>
    <Filter Include="Source Files">
      <UniqueIdentifier>{4FC737F1-C7A5-4376-A066-2A32D752A2FF}</UniqueIdentifier>
      <Extensions>cpp;c;cc;cxx;def;odl;idl;hpj;bat;asm;asmx</Extensions>
    </Filter>
    <Filter Include="Header Files">
      <UniqueIdentifier>{93995380-89BD-4b04-88EB-625FBE52EBFB}</UniqueIdentifier>
      <Extensions>h;hh;hpp;hxx;hm;inl;inc;ipp;xsd</Extensions>
    </Filter>
    <Filter Include="Resource Files">
      <UniqueIdentifier>{67DA6AB6-F800-4c08-8B7A-83BB121AAD01}</UniqueIdentifier>
      <Extensions>rc;ico;cur;bmp;dlg;rc2;rct;bin;rgs;gif;jpg;jpeg;jpe;resx;tiff;tif;png;wav;mfcribbon-ms</Extensions>
    </Filter>
    <Filter Include="Header Files\math">
      <UniqueIdentifier>{e0c589d2-cfb7-4260-9302-21e163aeb766}</UniqueIdentifier>
    </Filter>
    <Filter Include="Source Files\math">
      <UniqueIdentifier>{be655408-92a5-4b23-addb-ad5382118fb1}</UniqueIdentifier>
    </Filter>
    <Filter Include="Header Files\math\gvector">
      <UniqueIdentifier>{d9e684d1-845e-4e9d-aa00-521f95b3cfef}</UniqueIdentifier>
    </Filter>
    <Filter Include="Header Files\math\gmatrix">
      <UniqueIdentifier>{52e1659a-83e4-4c03-8bf2-2a403ea901f6}</UniqueIdentifier>
    </Filter>
    <Filter Include="Header Files\math\gvector\utilities">
      <UniqueIdentifier>{f4f9b958-d63b-46c3-a625-4f4dab5d26e1}</UniqueIdentifier>
    </Filter>
    <Filter Include="Header Files\math\general">
      <UniqueIdentifier>{ad95780a-da20-46b2-8971-738e406e91d0}</UniqueIdentifier>
    </Filter>
    <Filter Include="Header Files\engine">
      <UniqueIdentifier>{0e0c0968-30b6-42b7-8cba-2ca9b69392b6}</UniqueIdentifier>
    </Filter>
    <Filter Include="Header Files\engine\shader">
      <UniqueIdentifier>{544a94af-2f60-4170-9bf7-1002d71b7883}</UniqueIdentifier>
    </Filter>
    <Filter Include="Source Files\engine">
      <UniqueIdentifier>{d3df48b3-98da-44d5-9cbd-9aa4c0cdde9f}</UniqueIdentifier>
    </Filter>
    <Filter Include="Source Files\engine\shader">
      <UniqueIdentifier>{e2417450-c372-4467-82af-10da0c71a0d8}</UniqueIdentifier>
    </Filter>
    <Filter Include="Header Files\tools">
      <UniqueIdentifier>{899af8c8-fb0a-44ee-8d1a-e93a81004fea}</UniqueIdentifier>
    </Filter>
    <Filter Include="Source Files\tools">
      <UniqueIdentifier>{b0a9cb6e-6668-46da-ae9f-24c0eff85248}</UniqueIdentifier>
    </Filter>
    <Filter Include="Header Files\engine\texture">
      <UniqueIdentifier>{c3472563-6921-4448-bd80-28c0b80f859d}</UniqueIdentifier>
    </Filter>
    <Filter Include="Source Files\engine\texture">
      <UniqueIdentifier>{6d8816aa-1aeb-414f-9a40-1ad548d89104}</UniqueIdentifier>
    </Filter>
    <Filter Include="Source Files\engine\vertex_manager">
      <UniqueIdentifier>{8b0afad8-deab-4c00-9d17-309da64cf5dc}</UniqueIdentifier>
    </Filter>
    <Filter Include="Header Files\engine\vertex_manager">
      <UniqueIdentifier>{c265bb47-a994-47ba-bc26-dfad85c81366}</UniqueIdentifier>
    </Filter>
    <Filter Include="Header Files\dependencies">
      <UniqueIdentifier>{42359bb6-f687-40c3-a1fc-2b46974f0680}</UniqueIdentifier>
    </Filter>
    <Filter Include="Source Files\dependencies">
      <UniqueIdentifier>{5778950e-91de-4d80-b1e9-fe9c54bb9025}</UniqueIdentifier>
    </Filter>
  </ItemGroup>
  <ItemGroup>
    <ClCompile Include="main.cpp">
      <Filter>Source Files</Filter>
    </ClCompile>
    <ClCompile Include="game.cpp">
      <Filter>Source Files</Filter>
    </ClCompile>
    <ClCompile Include="grid.cpp">
      <Filter>Source Files</Filter>
    </ClCompile>
    <ClCompile Include="window.cpp">
      <Filter>Source Files</Filter>
    </ClCompile>
    <ClCompile Include="camera.cpp">
      <Filter>Source Files</Filter>
    </ClCompile>
    <ClCompile Include="cube.cpp">
      <Filter>Source Files</Filter>
    </ClCompile>
    <ClCompile Include="straightParallelepiped.cpp">
      <Filter>Source Files</Filter>
    </ClCompile>
    <ClCompile Include="snake.cpp">
      <Filter>Source Files</Filter>
    </ClCompile>
    <ClCompile Include="textRenderer.cpp">
      <Filter>Source Files</Filter>
    </ClCompile>
    <ClCompile Include="voxelSphere.cpp">
      <Filter>Source Files</Filter>
    </ClCompile>
    <ClCompile Include="voxelApple.cpp">
      <Filter>Source Files</Filter>
    </ClCompile>
    <ClCompile Include="gvector2_utilities.cpp">
      <Filter>Source Files\math</Filter>
    </ClCompile>
    <ClCompile Include="gvector3_utilities.cpp">
      <Filter>Source Files\math</Filter>
    </ClCompile>
    <ClCompile Include="matrix_utilities.cpp">
      <Filter>Source Files\math</Filter>
    </ClCompile>
    <ClCompile Include="gutilities.cpp">
      <Filter>Source Files\math</Filter>
    </ClCompile>
    <ClCompile Include="shader.cpp">
      <Filter>Source Files\engine\shader</Filter>
    </ClCompile>
    <ClCompile Include="fileLoader.cpp">
      <Filter>Source Files\tools</Filter>
    </ClCompile>
    <ClCompile Include="texture.cpp">
      <Filter>Source Files\engine\texture</Filter>
    </ClCompile>
    <ClCompile Include="textureSettings.cpp">
      <Filter>Source Files\engine\texture</Filter>
    </ClCompile>
    <ClCompile Include="vertexManager.cpp">
      <Filter>Source Files\engine\vertex_manager</Filter>
    </ClCompile>
    <ClCompile Include="glad.c">
      <Filter>Source Files\dependencies</Filter>
    </ClCompile>
    <ClCompile Include="stb_image.cpp">
      <Filter>Source Files\dependencies</Filter>
    </ClCompile>
    <ClCompile Include="image.cpp">
      <Filter>Source Files\tools</Filter>
    </ClCompile>
  </ItemGroup>
  <ItemGroup>
    <ClInclude Include="game.h">
      <Filter>Header Files</Filter>
    </ClInclude>
    <ClInclude Include="drawable.h">
      <Filter>Header Files</Filter>
    </ClInclude>
    <ClInclude Include="grid.h">
      <Filter>Header Files</Filter>
    </ClInclude>
    <ClInclude Include="window.h">
      <Filter>Header Files</Filter>
    </ClInclude>
    <ClInclude Include="camera.h">
      <Filter>Header Files</Filter>
    </ClInclude>
    <ClInclude Include="cube.h">
      <Filter>Header Files</Filter>
    </ClInclude>
    <ClInclude Include="straightParallelepiped.h">
      <Filter>Header Files</Filter>
    </ClInclude>
    <ClInclude Include="snake.h">
      <Filter>Header Files</Filter>
    </ClInclude>
    <ClInclude Include="textRenderer.h">
      <Filter>Header Files</Filter>
    </ClInclude>
    <ClInclude Include="voxelSphere.h">
      <Filter>Header Files</Filter>
    </ClInclude>
    <ClInclude Include="voxelApple.h">
      <Filter>Header Files</Filter>
    </ClInclude>
    <ClInclude Include="gmatrix.h">
      <Filter>Header Files\math\gmatrix</Filter>
    </ClInclude>
    <ClInclude Include="gmatrix_impl.h">
      <Filter>Header Files\math\gmatrix</Filter>
    </ClInclude>
    <ClInclude Include="gvector.h">
      <Filter>Header Files\math\gvector</Filter>
    </ClInclude>
    <ClInclude Include="gvector2.h">
      <Filter>Header Files\math\gvector</Filter>
    </ClInclude>
    <ClInclude Include="gvector3.h">
      <Filter>Header Files\math\gvector</Filter>
    </ClInclude>
    <ClInclude Include="matrix_utilities.h">
      <Filter>Header Files\math\gmatrix</Filter>
    </ClInclude>
    <ClInclude Include="gvector4.h">
      <Filter>Header Files\math\gvector</Filter>
    </ClInclude>
    <ClInclude Include="gvector2_utilities.h">
      <Filter>Header Files\math\gvector\utilities</Filter>
    </ClInclude>
    <ClInclude Include="gvector3_utilities.h">
      <Filter>Header Files\math\gvector\utilities</Filter>
    </ClInclude>
    <ClInclude Include="gvector4_utilities.h">
      <Filter>Header Files\math\gvector\utilities</Filter>
    </ClInclude>
    <ClInclude Include="gmath.h">
      <Filter>Header Files\math\general</Filter>
    </ClInclude>
    <ClInclude Include="gutilities.h">
      <Filter>Header Files\math\general</Filter>
    </ClInclude>
    <ClInclude Include="vector_utilities.h">
      <Filter>Header Files\math\gvector\utilities</Filter>
    </ClInclude>
    <ClInclude Include="shader.h">
      <Filter>Header Files\engine\shader</Filter>
    </ClInclude>
    <ClInclude Include="fileLoader.h">
      <Filter>Header Files\tools</Filter>
    </ClInclude>
    <ClInclude Include="texture.h">
      <Filter>Header Files\engine\texture</Filter>
    </ClInclude>
    <ClInclude Include="textureSettings.h">
      <Filter>Header Files\engine\texture</Filter>
    </ClInclude>
    <ClInclude Include="vertexManager.h">
      <Filter>Header Files\engine\vertex_manager</Filter>
    </ClInclude>
    <ClInclude Include="stb_image.h">
      <Filter>Header Files\dependencies</Filter>
    </ClInclude>
    <ClInclude Include="image.h">
      <Filter>Header Files\tools</Filter>
    </ClInclude>
    <ClInclude Include="skTypes.h">
      <Filter>Header Files\engine</Filter>
    </ClInclude>
    <ClInclude Include="windowCallbacksInterface.h">
      <Filter>Header Files</Filter>
    </ClInclude>
  </ItemGroup>
</Project>